
Microsoft Visual Studio Solution File, Format Version 12.00
# Visual Studio Version 17
VisualStudioVersion = 17.0.32112.339
MinimumVisualStudioVersion = 10.0.40219.1
Project("{FAE04EC0-301F-11D3-BF4B-00C04F79EFBC}") = "Mid Exam", "Mid Exam\Mid Exam.csproj", "{052980B9-AA89-4D55-B561-9FFCA8441F45}"
EndProject
Project("{FAE04EC0-301F-11D3-BF4B-00C04F79EFBC}") = "Coffe Lover", "Coffe Lover\Coffe Lover.csproj", "{24959DB1-0A84-4A63-AA41-337E3C80C986}"
EndProject
Project("{FAE04EC0-301F-11D3-BF4B-00C04F79EFBC}") = "Book Lybrary", "Book Lybrary\Book Lybrary.csproj", "{5DAC1985-76A4-4F2C-9B9F-F802AB0DEDB5}"
EndProject
Global
	GlobalSection(SolutionConfigurationPlatforms) = preSolution
		Debug|Any CPU = Debug|Any CPU
		Release|Any CPU = Release|Any CPU
	EndGlobalSection
	GlobalSection(ProjectConfigurationPlatforms) = postSolution
		{052980B9-AA89-4D55-B561-9FFCA8441F45}.Debug|Any CPU.ActiveCfg = Debug|Any CPU
		{052980B9-AA89-4D55-B561-9FFCA8441F45}.Debug|Any CPU.Build.0 = Debug|Any CPU
		{052980B9-AA89-4D55-B561-9FFCA8441F45}.Release|Any CPU.ActiveCfg = Release|Any CPU
		{052980B9-AA89-4D55-B561-9FFCA8441F45}.Release|Any CPU.Build.0 = Release|Any CPU
		{24959DB1-0A84-4A63-AA41-337E3C80C986}.Debug|Any CPU.ActiveCfg = Debug|Any CPU
		{24959DB1-0A84-4A63-AA41-337E3C80C986}.Debug|Any CPU.Build.0 = Debug|Any CPU
		{24959DB1-0A84-4A63-AA41-337E3C80C986}.Release|Any CPU.ActiveCfg = Release|Any CPU
		{24959DB1-0A84-4A63-AA41-337E3C80C986}.Release|Any CPU.Build.0 = Release|Any CPU
		{5DAC1985-76A4-4F2C-9B9F-F802AB0DEDB5}.Debug|Any CPU.ActiveCfg = Debug|Any CPU
		{5DAC1985-76A4-4F2C-9B9F-F802AB0DEDB5}.Debug|Any CPU.Build.0 = Debug|Any CPU
		{5DAC1985-76A4-4F2C-9B9F-F802AB0DEDB5}.Release|Any CPU.ActiveCfg = Release|Any CPU
		{5DAC1985-76A4-4F2C-9B9F-F802AB0DEDB5}.Release|Any CPU.Build.0 = Release|Any CPU
	EndGlobalSection
	GlobalSection(SolutionProperties) = preSolution
		HideSolutionNode = FALSE
	EndGlobalSection
	GlobalSection(ExtensibilityGlobals) = postSolution
		SolutionGuid = {20A63488-8A8D-4D39-B235-DB6C11863C43}
	EndGlobalSection
EndGlobal
