
Microsoft Visual Studio Solution File, Format Version 12.00
# Visual Studio Version 17
VisualStudioVersion = 17.0.32014.148
MinimumVisualStudioVersion = 10.0.40219.1
Project("{FAE04EC0-301F-11D3-BF4B-00C04F79EFBC}") = "Exercide COnditional Statements And Loops", "Exercide COnditional Statements And Loops\Exercide COnditional Statements And Loops.csproj", "{FD59759E-5C9E-48E5-ABD5-E0F387E2A35C}"
EndProject
Global
	GlobalSection(SolutionConfigurationPlatforms) = preSolution
		Debug|Any CPU = Debug|Any CPU
		Release|Any CPU = Release|Any CPU
	EndGlobalSection
	GlobalSection(ProjectConfigurationPlatforms) = postSolution
		{FD59759E-5C9E-48E5-ABD5-E0F387E2A35C}.Debug|Any CPU.ActiveCfg = Debug|Any CPU
		{FD59759E-5C9E-48E5-ABD5-E0F387E2A35C}.Debug|Any CPU.Build.0 = Debug|Any CPU
		{FD59759E-5C9E-48E5-ABD5-E0F387E2A35C}.Release|Any CPU.ActiveCfg = Release|Any CPU
		{FD59759E-5C9E-48E5-ABD5-E0F387E2A35C}.Release|Any CPU.Build.0 = Release|Any CPU
	EndGlobalSection
	GlobalSection(SolutionProperties) = preSolution
		HideSolutionNode = FALSE
	EndGlobalSection
	GlobalSection(ExtensibilityGlobals) = postSolution
		SolutionGuid = {902C24C3-0119-4426-944F-3A956937FE66}
	EndGlobalSection
EndGlobal
